
Microsoft Visual Studio Solution File, Format Version 12.00
# Visual Studio Version 16
VisualStudioVersion = 16.0.31005.135
MinimumVisualStudioVersion = 10.0.40219.1
Project("{FAE04EC0-301F-11D3-BF4B-00C04F79EFBC}") = "maildb", "Example-Users\maildb.csproj", "{6A03F5CC-48A6-41D5-830A-906A9CC0879F}"
EndProject
Global
	GlobalSection(SolutionConfigurationPlatforms) = preSolution
		Debug|Any CPU = Debug|Any CPU
		Release|Any CPU = Release|Any CPU
	EndGlobalSection
	GlobalSection(ProjectConfigurationPlatforms) = postSolution
		{6A03F5CC-48A6-41D5-830A-906A9CC0879F}.Debug|Any CPU.ActiveCfg = Debug|Any CPU
		{6A03F5CC-48A6-41D5-830A-906A9CC0879F}.Debug|Any CPU.Build.0 = Debug|Any CPU
		{6A03F5CC-48A6-41D5-830A-906A9CC0879F}.Release|Any CPU.ActiveCfg = Release|Any CPU
		{6A03F5CC-48A6-41D5-830A-906A9CC0879F}.Release|Any CPU.Build.0 = Release|Any CPU
	EndGlobalSection
	GlobalSection(SolutionProperties) = preSolution
		HideSolutionNode = FALSE
	EndGlobalSection
	GlobalSection(ExtensibilityGlobals) = postSolution
		SolutionGuid = {D1F54CB6-C94A-4B54-8CAC-55B16B11CD37}
	EndGlobalSection
EndGlobal
